
Microsoft Visual Studio Solution File, Format Version 12.00
# Visual Studio Version 16
VisualStudioVersion = 16.0.31829.152
MinimumVisualStudioVersion = 10.0.40219.1
Project("{FAE04EC0-301F-11D3-BF4B-00C04F79EFBC}") = "DioSeries", "DioSeries\DioSeries.csproj", "{2B539470-5C68-46A0-A0ED-9E9CFD493567}"
EndProject
Global
	GlobalSection(SolutionConfigurationPlatforms) = preSolution
		Debug|Any CPU = Debug|Any CPU
		Release|Any CPU = Release|Any CPU
	EndGlobalSection
	GlobalSection(ProjectConfigurationPlatforms) = postSolution
		{2B539470-5C68-46A0-A0ED-9E9CFD493567}.Debug|Any CPU.ActiveCfg = Debug|Any CPU
		{2B539470-5C68-46A0-A0ED-9E9CFD493567}.Debug|Any CPU.Build.0 = Debug|Any CPU
		{2B539470-5C68-46A0-A0ED-9E9CFD493567}.Release|Any CPU.ActiveCfg = Release|Any CPU
		{2B539470-5C68-46A0-A0ED-9E9CFD493567}.Release|Any CPU.Build.0 = Release|Any CPU
	EndGlobalSection
	GlobalSection(SolutionProperties) = preSolution
		HideSolutionNode = FALSE
	EndGlobalSection
	GlobalSection(ExtensibilityGlobals) = postSolution
		SolutionGuid = {BDBDA096-A276-452E-856A-83070B098DCF}
	EndGlobalSection
EndGlobal
